
Microsoft Visual Studio Solution File, Format Version 12.00
# Visual Studio Version 17
VisualStudioVersion = 17.13.35825.156 d17.13
MinimumVisualStudioVersion = 10.0.40219.1
Project("{FAE04EC0-301F-11D3-BF4B-00C04F79EFBC}") = "Soal D", "Soal D.csproj", "{D0BD0942-1BAE-474A-8EBB-661C8A96F1C0}"
EndProject
Global
	GlobalSection(SolutionConfigurationPlatforms) = preSolution
		Debug|Any CPU = Debug|Any CPU
		Release|Any CPU = Release|Any CPU
	EndGlobalSection
	GlobalSection(ProjectConfigurationPlatforms) = postSolution
		{D0BD0942-1BAE-474A-8EBB-661C8A96F1C0}.Debug|Any CPU.ActiveCfg = Debug|Any CPU
		{D0BD0942-1BAE-474A-8EBB-661C8A96F1C0}.Debug|Any CPU.Build.0 = Debug|Any CPU
		{D0BD0942-1BAE-474A-8EBB-661C8A96F1C0}.Release|Any CPU.ActiveCfg = Release|Any CPU
		{D0BD0942-1BAE-474A-8EBB-661C8A96F1C0}.Release|Any CPU.Build.0 = Release|Any CPU
	EndGlobalSection
	GlobalSection(SolutionProperties) = preSolution
		HideSolutionNode = FALSE
	EndGlobalSection
	GlobalSection(ExtensibilityGlobals) = postSolution
		SolutionGuid = {202F452E-C215-44D4-9252-E0EBD551FD77}
	EndGlobalSection
EndGlobal
